
Microsoft Visual Studio Solution File, Format Version 12.00
# Visual Studio Version 16
VisualStudioVersion = 16.0.29509.3
MinimumVisualStudioVersion = 10.0.40219.1
Project("{F2A71F9B-5D33-465A-A702-920D77279786}") = "Hw2", "Hw2\Hw2.fsproj", "{55A635D2-C735-449C-B0CB-50B44EEA4E98}"
EndProject
Project("{FAE04EC0-301F-11D3-BF4B-00C04F79EFBC}") = "Hw1", "Hw1\Hw1.csproj", "{F6930A37-8260-438D-9550-7D6153715540}"
EndProject
Project("{FAE04EC0-301F-11D3-BF4B-00C04F79EFBC}") = "Hw1.Tests", "Hw1.Tests\Hw1.Tests.csproj", "{ACB89FB8-2B44-46AA-BDBA-1F813FAF481D}"
EndProject
Project("{F2A71F9B-5D33-465A-A702-920D77279786}") = "Hw2.Tests", "Hw2.Tests\Hw2.Tests.fsproj", "{16B4519B-6B5A-49A4-9B19-464F353D88C8}"
EndProject
Project("{F2A71F9B-5D33-465A-A702-920D77279786}") = "Hw3", "Hw3\Hw3.fsproj", "{C4E59700-41B4-4876-9A08-7A51C18F57CD}"
EndProject
Project("{FAE04EC0-301F-11D3-BF4B-00C04F79EFBC}") = "Hw4", "Hw4\Hw4.csproj", "{AC4C7BDC-BFBA-476A-AE03-5464BA2473BD}"
EndProject
Project("{F2A71F9B-5D33-465A-A702-920D77279786}") = "Hw5", "Hw5\Hw5.fsproj", "{C4627461-125A-45CC-A085-B2A2D15C3135}"
EndProject
Project("{FAE04EC0-301F-11D3-BF4B-00C04F79EFBC}") = "Hw9.EditorFor", "Hw9.EditorFor\Hw9.EditorFor.csproj", "{29DF6A84-F8C2-4601-8E0D-A58BA9E6E4D7}"
EndProject
Global
	GlobalSection(SolutionConfigurationPlatforms) = preSolution
		Debug|Any CPU = Debug|Any CPU
		Release|Any CPU = Release|Any CPU
	EndGlobalSection
	GlobalSection(ProjectConfigurationPlatforms) = postSolution
		{55A635D2-C735-449C-B0CB-50B44EEA4E98}.Debug|Any CPU.ActiveCfg = Debug|Any CPU
		{55A635D2-C735-449C-B0CB-50B44EEA4E98}.Debug|Any CPU.Build.0 = Debug|Any CPU
		{55A635D2-C735-449C-B0CB-50B44EEA4E98}.Release|Any CPU.ActiveCfg = Release|Any CPU
		{55A635D2-C735-449C-B0CB-50B44EEA4E98}.Release|Any CPU.Build.0 = Release|Any CPU
		{F6930A37-8260-438D-9550-7D6153715540}.Debug|Any CPU.ActiveCfg = Debug|Any CPU
		{F6930A37-8260-438D-9550-7D6153715540}.Debug|Any CPU.Build.0 = Debug|Any CPU
		{F6930A37-8260-438D-9550-7D6153715540}.Release|Any CPU.ActiveCfg = Release|Any CPU
		{F6930A37-8260-438D-9550-7D6153715540}.Release|Any CPU.Build.0 = Release|Any CPU
		{ACB89FB8-2B44-46AA-BDBA-1F813FAF481D}.Debug|Any CPU.ActiveCfg = Debug|Any CPU
		{ACB89FB8-2B44-46AA-BDBA-1F813FAF481D}.Debug|Any CPU.Build.0 = Debug|Any CPU
		{ACB89FB8-2B44-46AA-BDBA-1F813FAF481D}.Release|Any CPU.ActiveCfg = Release|Any CPU
		{ACB89FB8-2B44-46AA-BDBA-1F813FAF481D}.Release|Any CPU.Build.0 = Release|Any CPU
		{16B4519B-6B5A-49A4-9B19-464F353D88C8}.Debug|Any CPU.ActiveCfg = Debug|Any CPU
		{16B4519B-6B5A-49A4-9B19-464F353D88C8}.Debug|Any CPU.Build.0 = Debug|Any CPU
		{16B4519B-6B5A-49A4-9B19-464F353D88C8}.Release|Any CPU.ActiveCfg = Release|Any CPU
		{16B4519B-6B5A-49A4-9B19-464F353D88C8}.Release|Any CPU.Build.0 = Release|Any CPU
		{C4E59700-41B4-4876-9A08-7A51C18F57CD}.Debug|Any CPU.ActiveCfg = Debug|Any CPU
		{C4E59700-41B4-4876-9A08-7A51C18F57CD}.Debug|Any CPU.Build.0 = Debug|Any CPU
		{C4E59700-41B4-4876-9A08-7A51C18F57CD}.Release|Any CPU.ActiveCfg = Release|Any CPU
		{C4E59700-41B4-4876-9A08-7A51C18F57CD}.Release|Any CPU.Build.0 = Release|Any CPU
		{AC4C7BDC-BFBA-476A-AE03-5464BA2473BD}.Debug|Any CPU.ActiveCfg = Debug|Any CPU
		{AC4C7BDC-BFBA-476A-AE03-5464BA2473BD}.Debug|Any CPU.Build.0 = Debug|Any CPU
		{AC4C7BDC-BFBA-476A-AE03-5464BA2473BD}.Release|Any CPU.ActiveCfg = Release|Any CPU
		{AC4C7BDC-BFBA-476A-AE03-5464BA2473BD}.Release|Any CPU.Build.0 = Release|Any CPU
		{C4627461-125A-45CC-A085-B2A2D15C3135}.Debug|Any CPU.ActiveCfg = Debug|Any CPU
		{C4627461-125A-45CC-A085-B2A2D15C3135}.Debug|Any CPU.Build.0 = Debug|Any CPU
		{C4627461-125A-45CC-A085-B2A2D15C3135}.Release|Any CPU.ActiveCfg = Release|Any CPU
		{C4627461-125A-45CC-A085-B2A2D15C3135}.Release|Any CPU.Build.0 = Release|Any CPU
		{29DF6A84-F8C2-4601-8E0D-A58BA9E6E4D7}.Debug|Any CPU.ActiveCfg = Debug|Any CPU
		{29DF6A84-F8C2-4601-8E0D-A58BA9E6E4D7}.Debug|Any CPU.Build.0 = Debug|Any CPU
		{29DF6A84-F8C2-4601-8E0D-A58BA9E6E4D7}.Release|Any CPU.ActiveCfg = Release|Any CPU
		{29DF6A84-F8C2-4601-8E0D-A58BA9E6E4D7}.Release|Any CPU.Build.0 = Release|Any CPU
	EndGlobalSection
	GlobalSection(SolutionProperties) = preSolution
		HideSolutionNode = FALSE
	EndGlobalSection
	GlobalSection(ExtensibilityGlobals) = postSolution
		SolutionGuid = {B243BE16-B88B-4FE3-93FB-5468FB265376}
	EndGlobalSection
EndGlobal
